
Microsoft Visual Studio Solution File, Format Version 12.00
# Visual Studio Version 17
VisualStudioVersion = 17.7.34031.279
MinimumVisualStudioVersion = 10.0.40219.1
Project("{9A19103F-16F7-4668-BE54-9A1E7A4F7556}") = "ConditionalStatementsZadacha1", "ConditionalStatementsAssignment\ConditionalStatementsZadacha1.csproj", "{E47AC226-9F81-42FB-ABEB-26AF313D9FE5}"
EndProject
Project("{9A19103F-16F7-4668-BE54-9A1E7A4F7556}") = "ConditionalStatementsZadacha2", "ConditionalStatementsZadacha2\ConditionalStatementsZadacha2.csproj", "{30453838-0BA2-4BFB-AF93-E078172A6835}"
EndProject
Project("{9A19103F-16F7-4668-BE54-9A1E7A4F7556}") = "LoopFor", "LoopFor\LoopFor.csproj", "{B512209D-B16D-4388-A5B0-17FBC1D1BE2E}"
EndProject
Project("{9A19103F-16F7-4668-BE54-9A1E7A4F7556}") = "LoopFor1", "LoopFor1\LoopFor1.csproj", "{ACFE1BFD-0841-44AA-848B-0A13AED36FED}"
EndProject
Project("{9A19103F-16F7-4668-BE54-9A1E7A4F7556}") = "LoopWithCondition", "LoopWithCondition\LoopWithCondition.csproj", "{D2DCB89C-5C3E-4943-883A-7576FE81D307}"
EndProject
Project("{9A19103F-16F7-4668-BE54-9A1E7A4F7556}") = "LoopWithCondition1", "LoopWithCondition1\LoopWithCondition1.csproj", "{9BA1A9DE-71AE-481F-B720-D0C5B2CB31C6}"
EndProject
Project("{9A19103F-16F7-4668-BE54-9A1E7A4F7556}") = "Function", "Function\Function.csproj", "{3209A98A-A69A-4D28-829E-C3F08F246A9F}"
EndProject
Project("{9A19103F-16F7-4668-BE54-9A1E7A4F7556}") = "Zadacha1_16.11", "Zadacha1_16.11\Zadacha1_16.11.csproj", "{CA232459-3D1F-4F95-879B-48858ECFAAAE}"
EndProject
Project("{9A19103F-16F7-4668-BE54-9A1E7A4F7556}") = "Zadacha2_16.11", "Zadacha2_16.11\Zadacha2_16.11.csproj", "{2E1B78AC-8225-4844-9C9D-F292AD5642F6}"
EndProject
Project("{9A19103F-16F7-4668-BE54-9A1E7A4F7556}") = "Demo", "Demo\Demo.csproj", "{C15C98E4-4C34-44B5-B190-AA40D35B9307}"
EndProject
Project("{9A19103F-16F7-4668-BE54-9A1E7A4F7556}") = "Classes", "Classes\Classes.csproj", "{DB04B8EB-0058-48B8-BD66-C1E54D379789}"
EndProject
Project("{9A19103F-16F7-4668-BE54-9A1E7A4F7556}") = "Exercise3011", "Exercise3011\Exercise3011.csproj", "{95C60F1A-1880-4AC7-ADBB-D513A0AD3003}"
EndProject
Project("{9A19103F-16F7-4668-BE54-9A1E7A4F7556}") = "Homework04.12.2023", "Homework04.12.2023\Homework04.12.2023.csproj", "{AC623C6B-C6E1-4741-B564-EE41DD95A7D4}"
EndProject
Project("{9A19103F-16F7-4668-BE54-9A1E7A4F7556}") = "Exercise07.12.2023", "Exercise07.12.2023\Exercise07.12.2023.csproj", "{7A263D04-8CAA-41AB-94FD-B15C252DBA0E}"
EndProject
Project("{9A19103F-16F7-4668-BE54-9A1E7A4F7556}") = "ExerciseArray", "ExerciseArray1\ExerciseArray.csproj", "{8B7E0472-C593-417B-A925-E326F9F5C55E}"
EndProject
Project("{9A19103F-16F7-4668-BE54-9A1E7A4F7556}") = "ExerciseLists", "ExerciseLists\ExerciseLists.csproj", "{BC7AD586-8ED7-489D-ACDB-9C1BCAAF0366}"
EndProject
Project("{FAE04EC0-301F-11D3-BF4B-00C04F79EFBC}") = "Nasledqvane", "Nasledqvane\Nasledqvane.csproj", "{840F0370-478F-46B7-9A06-19EEC9E6F594}"
EndProject
Project("{FAE04EC0-301F-11D3-BF4B-00C04F79EFBC}") = "AbstractClasses", "AbstractClasses\AbstractClasses.csproj", "{1BCBAFB6-92AF-4F1E-8395-CB7B70BC0B69}"
EndProject
Project("{FAE04EC0-301F-11D3-BF4B-00C04F79EFBC}") = "InterfacesHW", "InterfacesHW\InterfacesHW.csproj", "{66266019-4C08-4626-A845-F63C6736F7A1}"
EndProject
Project("{9A19103F-16F7-4668-BE54-9A1E7A4F7556}") = "zad_26", "Zadacha26DZI\zad_26.csproj", "{D5DAC98A-0352-47F4-BCBB-0D7E6F8ED7E8}"
EndProject
Project("{9A19103F-16F7-4668-BE54-9A1E7A4F7556}") = "Trry", "Trry\Trry.csproj", "{1B591F9F-A265-4B15-A9D6-C82EFFCEA87F}"
EndProject
Project("{FAE04EC0-301F-11D3-BF4B-00C04F79EFBC}") = "Zadacha1,2p115", "Zadacha1p115\Zadacha1,2p115.csproj", "{436BEB15-62D6-442C-AC4C-231467093A1D}"
EndProject
Project("{FAE04EC0-301F-11D3-BF4B-00C04F79EFBC}") = "Exceptions", "Exceptions\Exceptions.csproj", "{D4D10D2F-D363-4FB4-8975-93AE51CFAF00}"
EndProject
Project("{FAE04EC0-301F-11D3-BF4B-00C04F79EFBC}") = "Homework26.02.2024", "Homework26.02.2024\Homework26.02.2024.csproj", "{FE0600AE-4E72-4ACF-A16B-C1C9F1EC8C59}"
EndProject
Project("{FAE04EC0-301F-11D3-BF4B-00C04F79EFBC}") = "CarSerialization", "CarSerialization\CarSerialization.csproj", "{73885870-466F-47C1-912B-5980E1BB9E33}"
EndProject
Project("{FAE04EC0-301F-11D3-BF4B-00C04F79EFBC}") = "RecoursionEx1", "RecoursionEx1\RecoursionEx1.csproj", "{92D9FABC-B3B5-43A1-B174-C586759DD8E0}"
EndProject
Project("{FAE04EC0-301F-11D3-BF4B-00C04F79EFBC}") = "CountNumsDividedBy3and4", "CountNumsDividedBy3and4\CountNumsDividedBy3and4.csproj", "{AD466F95-B0A0-484E-B48B-CBA3DECE56FA}"
EndProject
Project("{FAE04EC0-301F-11D3-BF4B-00C04F79EFBC}") = "Ex1.HW08.03.2024", "Ex1.HW08.03.2024\Ex1.HW08.03.2024.csproj", "{C93F4E5B-18CD-48A1-8078-306D7F4A695B}"
EndProject
Project("{FAE04EC0-301F-11D3-BF4B-00C04F79EFBC}") = "Ex2.HW08.03.2024", "Ex2.HW08.03.2024\Ex2.HW08.03.2024.csproj", "{B4F84A43-77B7-4DC5-A1A1-9E52180EF23C}"
EndProject
Project("{FAE04EC0-301F-11D3-BF4B-00C04F79EFBC}") = "Ex3.HW08.03.2024", "Ex3.HW08.03.2024\Ex3.HW08.03.2024.csproj", "{C85F9680-01BE-448F-8D2C-9D911143149F}"
EndProject
Project("{FAE04EC0-301F-11D3-BF4B-00C04F79EFBC}") = "Ex4.HW08.03.2024", "Ex4.HW08.03.2024\Ex4.HW08.03.2024.csproj", "{BED62711-F92E-443E-8B1F-635A52FB90EE}"
EndProject
Project("{FAE04EC0-301F-11D3-BF4B-00C04F79EFBC}") = "Ex1.HW14.03.2024", "Ex1.HW14.03.2024\Ex1.HW14.03.2024.csproj", "{92F3564A-75CA-45F1-94B1-C6A7ECF8F579}"
EndProject
Project("{FAE04EC0-301F-11D3-BF4B-00C04F79EFBC}") = "Ex1HW.19.03.2024", "Ex1HW.19.03.2024\Ex1HW.19.03.2024.csproj", "{FBD71B38-DE46-44BA-8BFD-DF549E487CB2}"
EndProject
Project("{FAE04EC0-301F-11D3-BF4B-00C04F79EFBC}") = "Ex2.HW19.03.2024", "Ex2.HW19.03.2024\Ex2.HW19.03.2024.csproj", "{63F8D038-40D5-433C-8884-4CC43BDA9922}"
EndProject
Project("{FAE04EC0-301F-11D3-BF4B-00C04F79EFBC}") = "Ex1.HW21.03.2024", "Ex1.HW21.03.2024\Ex1.HW21.03.2024.csproj", "{C259FE10-086C-494C-80F4-A722D1B81909}"
EndProject
Project("{FAE04EC0-301F-11D3-BF4B-00C04F79EFBC}") = "Ex2.HW21.03.2024", "Ex2.HW21.03.2024\Ex2.HW21.03.2024.csproj", "{4DF96D3A-D960-49D9-839C-864DF6A15471}"
EndProject
Project("{FAE04EC0-301F-11D3-BF4B-00C04F79EFBC}") = "Ex3.HW21.03.2024", "Ex3.HW21.03.2024\Ex3.HW21.03.2024.csproj", "{31DF1DAB-8076-4F4F-8199-14AF84E365B3}"
EndProject
Project("{FAE04EC0-301F-11D3-BF4B-00C04F79EFBC}") = "Ex1.HW22.03.2024", "Ex1.HW22.03.2024\Ex1.HW22.03.2024.csproj", "{AE0C819F-E43A-43C4-9EB2-DEEAF2F7FD4E}"
EndProject
Project("{FAE04EC0-301F-11D3-BF4B-00C04F79EFBC}") = "Ex2.HW22.03.2024", "Ex2.HW22.03.2024\Ex2.HW22.03.2024.csproj", "{D7C80F3F-4458-47FC-8E46-B1F208AF4900}"
EndProject
Project("{FAE04EC0-301F-11D3-BF4B-00C04F79EFBC}") = "Ex3.HW22.03.2024", "Ex3.HW22.03.2024\Ex3.HW22.03.2024.csproj", "{D5EAB4EF-C328-4184-901D-CFBC97BEDF00}"
EndProject
Project("{FAE04EC0-301F-11D3-BF4B-00C04F79EFBC}") = "Demo2503202401", "Demo2503202401\Demo2503202401.csproj", "{31C264D8-AA91-4EB9-B0B5-5BE7D919F9B1}"
EndProject
Project("{FAE04EC0-301F-11D3-BF4B-00C04F79EFBC}") = "ExM1.1.HW28.03.2024", "ExM1.1.HW28.03.2024\ExM1.1.HW28.03.2024.csproj", "{AF42F741-FB6B-4970-8E62-7B9131444DD4}"
EndProject
Project("{FAE04EC0-301F-11D3-BF4B-00C04F79EFBC}") = "ExM1-22HW08042024", "ExM1-22HW08042024\ExM1-22HW08042024.csproj", "{EB4ACDAC-90C2-4642-B6FF-B2DCD679336B}"
EndProject
Project("{FAE04EC0-301F-11D3-BF4B-00C04F79EFBC}") = "ExM1-28HW08042024", "ExM1-28HW08042024\ExM1-28HW08042024.csproj", "{16927541-C3FE-4D8F-A5D8-703C4F6FBBEE}"
EndProject
Project("{FAE04EC0-301F-11D3-BF4B-00C04F79EFBC}") = "ExM1-42HW08042024", "ExM1-42HW08042024\ExM1-42HW08042024.csproj", "{59422646-1CDB-40D6-B277-93D469CCB125}"
EndProject
Project("{FAE04EC0-301F-11D3-BF4B-00C04F79EFBC}") = "ExM1-49HW08042024", "ExM1-49HW08042024\ExM1-49HW08042024.csproj", "{B016B44D-DEC2-4F0D-851B-E30F28BA602E}"
EndProject
Project("{FAE04EC0-301F-11D3-BF4B-00C04F79EFBC}") = "ExM1-57HW08042024", "ExM1-57HW08042024\ExM1-57HW08042024.csproj", "{0CB3351C-A706-4518-9901-6741C5646822}"
EndProject
Project("{FAE04EC0-301F-11D3-BF4B-00C04F79EFBC}") = "ExXHW08042024", "ExXHW08042024\ExXHW08042024.csproj", "{5B930501-FDBF-4C01-B9E5-03B65B1366CE}"
EndProject
Project("{9A19103F-16F7-4668-BE54-9A1E7A4F7556}") = "GuessTheNumber", "GuessTheNumber\GuessTheNumber.csproj", "{79F83F75-25DF-4118-B686-17CEA2DA290B}"
EndProject
Project("{FAE04EC0-301F-11D3-BF4B-00C04F79EFBC}") = "Zadacha1.17042024", "Zadacha1.17042024\Zadacha1.17042024.csproj", "{FE05DF57-142C-4DD8-ACE8-41AF185E99E7}"
EndProject
Project("{FAE04EC0-301F-11D3-BF4B-00C04F79EFBC}") = "Zadacha2_17042024", "Zadacha2_17042024\Zadacha2_17042024.csproj", "{8B13D667-E34A-4658-8C5C-6933BE2559AB}"
EndProject
Project("{FAE04EC0-301F-11D3-BF4B-00C04F79EFBC}") = "Zadacha1_19042024", "Zadacha1_19042024\Zadacha1_19042024.csproj", "{0AFA7E46-262E-4222-B27C-AC0986653BFB}"
EndProject
Project("{FAE04EC0-301F-11D3-BF4B-00C04F79EFBC}") = "Zadacha2_19042024", "Zadacha2_19042024\Zadacha2_19042024.csproj", "{E9B57F0A-DD6C-4CA2-998A-93C87D542BF8}"
EndProject
Project("{FAE04EC0-301F-11D3-BF4B-00C04F79EFBC}") = "Zadacha3_19042024", "Zadacha3_19042024\Zadacha3_19042024.csproj", "{21794250-0FC9-4063-8307-8A02C11D4021}"
EndProject
Project("{FAE04EC0-301F-11D3-BF4B-00C04F79EFBC}") = "Zadacha_24042024", "Zadacha_24042024\Zadacha_24042024.csproj", "{C5024629-904E-49C5-92F5-537935812C56}"
EndProject
Project("{FAE04EC0-301F-11D3-BF4B-00C04F79EFBC}") = "Zadacha_29042024", "Zadacha_29042024\Zadacha_29042024.csproj", "{9BCA8972-C20F-4BE0-80D3-171AE8888C36}"
EndProject
Project("{FAE04EC0-301F-11D3-BF4B-00C04F79EFBC}") = "TwoDimentionalArray1", "TwoDimentionalArray1\TwoDimentionalArray1.csproj", "{034C90EF-0B13-434C-98B8-D95884BE7D33}"
EndProject
Global
	GlobalSection(SolutionConfigurationPlatforms) = preSolution
		Debug|Any CPU = Debug|Any CPU
		Release|Any CPU = Release|Any CPU
	EndGlobalSection
	GlobalSection(ProjectConfigurationPlatforms) = postSolution
		{E47AC226-9F81-42FB-ABEB-26AF313D9FE5}.Debug|Any CPU.ActiveCfg = Debug|Any CPU
		{E47AC226-9F81-42FB-ABEB-26AF313D9FE5}.Debug|Any CPU.Build.0 = Debug|Any CPU
		{E47AC226-9F81-42FB-ABEB-26AF313D9FE5}.Release|Any CPU.ActiveCfg = Release|Any CPU
		{E47AC226-9F81-42FB-ABEB-26AF313D9FE5}.Release|Any CPU.Build.0 = Release|Any CPU
		{30453838-0BA2-4BFB-AF93-E078172A6835}.Debug|Any CPU.ActiveCfg = Debug|Any CPU
		{30453838-0BA2-4BFB-AF93-E078172A6835}.Debug|Any CPU.Build.0 = Debug|Any CPU
		{30453838-0BA2-4BFB-AF93-E078172A6835}.Release|Any CPU.ActiveCfg = Release|Any CPU
		{30453838-0BA2-4BFB-AF93-E078172A6835}.Release|Any CPU.Build.0 = Release|Any CPU
		{B512209D-B16D-4388-A5B0-17FBC1D1BE2E}.Debug|Any CPU.ActiveCfg = Debug|Any CPU
		{B512209D-B16D-4388-A5B0-17FBC1D1BE2E}.Debug|Any CPU.Build.0 = Debug|Any CPU
		{B512209D-B16D-4388-A5B0-17FBC1D1BE2E}.Release|Any CPU.ActiveCfg = Release|Any CPU
		{B512209D-B16D-4388-A5B0-17FBC1D1BE2E}.Release|Any CPU.Build.0 = Release|Any CPU
		{ACFE1BFD-0841-44AA-848B-0A13AED36FED}.Debug|Any CPU.ActiveCfg = Debug|Any CPU
		{ACFE1BFD-0841-44AA-848B-0A13AED36FED}.Debug|Any CPU.Build.0 = Debug|Any CPU
		{ACFE1BFD-0841-44AA-848B-0A13AED36FED}.Release|Any CPU.ActiveCfg = Release|Any CPU
		{ACFE1BFD-0841-44AA-848B-0A13AED36FED}.Release|Any CPU.Build.0 = Release|Any CPU
		{D2DCB89C-5C3E-4943-883A-7576FE81D307}.Debug|Any CPU.ActiveCfg = Debug|Any CPU
		{D2DCB89C-5C3E-4943-883A-7576FE81D307}.Debug|Any CPU.Build.0 = Debug|Any CPU
		{D2DCB89C-5C3E-4943-883A-7576FE81D307}.Release|Any CPU.ActiveCfg = Release|Any CPU
		{D2DCB89C-5C3E-4943-883A-7576FE81D307}.Release|Any CPU.Build.0 = Release|Any CPU
		{9BA1A9DE-71AE-481F-B720-D0C5B2CB31C6}.Debug|Any CPU.ActiveCfg = Debug|Any CPU
		{9BA1A9DE-71AE-481F-B720-D0C5B2CB31C6}.Debug|Any CPU.Build.0 = Debug|Any CPU
		{9BA1A9DE-71AE-481F-B720-D0C5B2CB31C6}.Release|Any CPU.ActiveCfg = Release|Any CPU
		{9BA1A9DE-71AE-481F-B720-D0C5B2CB31C6}.Release|Any CPU.Build.0 = Release|Any CPU
		{3209A98A-A69A-4D28-829E-C3F08F246A9F}.Debug|Any CPU.ActiveCfg = Debug|Any CPU
		{3209A98A-A69A-4D28-829E-C3F08F246A9F}.Debug|Any CPU.Build.0 = Debug|Any CPU
		{3209A98A-A69A-4D28-829E-C3F08F246A9F}.Release|Any CPU.ActiveCfg = Release|Any CPU
		{3209A98A-A69A-4D28-829E-C3F08F246A9F}.Release|Any CPU.Build.0 = Release|Any CPU
		{CA232459-3D1F-4F95-879B-48858ECFAAAE}.Debug|Any CPU.ActiveCfg = Debug|Any CPU
		{CA232459-3D1F-4F95-879B-48858ECFAAAE}.Debug|Any CPU.Build.0 = Debug|Any CPU
		{CA232459-3D1F-4F95-879B-48858ECFAAAE}.Release|Any CPU.ActiveCfg = Release|Any CPU
		{CA232459-3D1F-4F95-879B-48858ECFAAAE}.Release|Any CPU.Build.0 = Release|Any CPU
		{2E1B78AC-8225-4844-9C9D-F292AD5642F6}.Debug|Any CPU.ActiveCfg = Debug|Any CPU
		{2E1B78AC-8225-4844-9C9D-F292AD5642F6}.Debug|Any CPU.Build.0 = Debug|Any CPU
		{2E1B78AC-8225-4844-9C9D-F292AD5642F6}.Release|Any CPU.ActiveCfg = Release|Any CPU
		{2E1B78AC-8225-4844-9C9D-F292AD5642F6}.Release|Any CPU.Build.0 = Release|Any CPU
		{C15C98E4-4C34-44B5-B190-AA40D35B9307}.Debug|Any CPU.ActiveCfg = Debug|Any CPU
		{C15C98E4-4C34-44B5-B190-AA40D35B9307}.Debug|Any CPU.Build.0 = Debug|Any CPU
		{C15C98E4-4C34-44B5-B190-AA40D35B9307}.Release|Any CPU.ActiveCfg = Release|Any CPU
		{C15C98E4-4C34-44B5-B190-AA40D35B9307}.Release|Any CPU.Build.0 = Release|Any CPU
		{DB04B8EB-0058-48B8-BD66-C1E54D379789}.Debug|Any CPU.ActiveCfg = Debug|Any CPU
		{DB04B8EB-0058-48B8-BD66-C1E54D379789}.Debug|Any CPU.Build.0 = Debug|Any CPU
		{DB04B8EB-0058-48B8-BD66-C1E54D379789}.Release|Any CPU.ActiveCfg = Release|Any CPU
		{DB04B8EB-0058-48B8-BD66-C1E54D379789}.Release|Any CPU.Build.0 = Release|Any CPU
		{95C60F1A-1880-4AC7-ADBB-D513A0AD3003}.Debug|Any CPU.ActiveCfg = Debug|Any CPU
		{95C60F1A-1880-4AC7-ADBB-D513A0AD3003}.Debug|Any CPU.Build.0 = Debug|Any CPU
		{95C60F1A-1880-4AC7-ADBB-D513A0AD3003}.Release|Any CPU.ActiveCfg = Release|Any CPU
		{95C60F1A-1880-4AC7-ADBB-D513A0AD3003}.Release|Any CPU.Build.0 = Release|Any CPU
		{AC623C6B-C6E1-4741-B564-EE41DD95A7D4}.Debug|Any CPU.ActiveCfg = Debug|Any CPU
		{AC623C6B-C6E1-4741-B564-EE41DD95A7D4}.Debug|Any CPU.Build.0 = Debug|Any CPU
		{AC623C6B-C6E1-4741-B564-EE41DD95A7D4}.Release|Any CPU.ActiveCfg = Release|Any CPU
		{AC623C6B-C6E1-4741-B564-EE41DD95A7D4}.Release|Any CPU.Build.0 = Release|Any CPU
		{7A263D04-8CAA-41AB-94FD-B15C252DBA0E}.Debug|Any CPU.ActiveCfg = Debug|Any CPU
		{7A263D04-8CAA-41AB-94FD-B15C252DBA0E}.Debug|Any CPU.Build.0 = Debug|Any CPU
		{7A263D04-8CAA-41AB-94FD-B15C252DBA0E}.Release|Any CPU.ActiveCfg = Release|Any CPU
		{7A263D04-8CAA-41AB-94FD-B15C252DBA0E}.Release|Any CPU.Build.0 = Release|Any CPU
		{8B7E0472-C593-417B-A925-E326F9F5C55E}.Debug|Any CPU.ActiveCfg = Debug|Any CPU
		{8B7E0472-C593-417B-A925-E326F9F5C55E}.Debug|Any CPU.Build.0 = Debug|Any CPU
		{8B7E0472-C593-417B-A925-E326F9F5C55E}.Release|Any CPU.ActiveCfg = Release|Any CPU
		{8B7E0472-C593-417B-A925-E326F9F5C55E}.Release|Any CPU.Build.0 = Release|Any CPU
		{BC7AD586-8ED7-489D-ACDB-9C1BCAAF0366}.Debug|Any CPU.ActiveCfg = Debug|Any CPU
		{BC7AD586-8ED7-489D-ACDB-9C1BCAAF0366}.Debug|Any CPU.Build.0 = Debug|Any CPU
		{BC7AD586-8ED7-489D-ACDB-9C1BCAAF0366}.Release|Any CPU.ActiveCfg = Release|Any CPU
		{BC7AD586-8ED7-489D-ACDB-9C1BCAAF0366}.Release|Any CPU.Build.0 = Release|Any CPU
		{840F0370-478F-46B7-9A06-19EEC9E6F594}.Debug|Any CPU.ActiveCfg = Debug|Any CPU
		{840F0370-478F-46B7-9A06-19EEC9E6F594}.Debug|Any CPU.Build.0 = Debug|Any CPU
		{840F0370-478F-46B7-9A06-19EEC9E6F594}.Release|Any CPU.ActiveCfg = Release|Any CPU
		{840F0370-478F-46B7-9A06-19EEC9E6F594}.Release|Any CPU.Build.0 = Release|Any CPU
		{1BCBAFB6-92AF-4F1E-8395-CB7B70BC0B69}.Debug|Any CPU.ActiveCfg = Debug|Any CPU
		{1BCBAFB6-92AF-4F1E-8395-CB7B70BC0B69}.Debug|Any CPU.Build.0 = Debug|Any CPU
		{1BCBAFB6-92AF-4F1E-8395-CB7B70BC0B69}.Release|Any CPU.ActiveCfg = Release|Any CPU
		{1BCBAFB6-92AF-4F1E-8395-CB7B70BC0B69}.Release|Any CPU.Build.0 = Release|Any CPU
		{66266019-4C08-4626-A845-F63C6736F7A1}.Debug|Any CPU.ActiveCfg = Debug|Any CPU
		{66266019-4C08-4626-A845-F63C6736F7A1}.Debug|Any CPU.Build.0 = Debug|Any CPU
		{66266019-4C08-4626-A845-F63C6736F7A1}.Release|Any CPU.ActiveCfg = Release|Any CPU
		{66266019-4C08-4626-A845-F63C6736F7A1}.Release|Any CPU.Build.0 = Release|Any CPU
		{D5DAC98A-0352-47F4-BCBB-0D7E6F8ED7E8}.Debug|Any CPU.ActiveCfg = Debug|Any CPU
		{D5DAC98A-0352-47F4-BCBB-0D7E6F8ED7E8}.Debug|Any CPU.Build.0 = Debug|Any CPU
		{D5DAC98A-0352-47F4-BCBB-0D7E6F8ED7E8}.Release|Any CPU.ActiveCfg = Release|Any CPU
		{D5DAC98A-0352-47F4-BCBB-0D7E6F8ED7E8}.Release|Any CPU.Build.0 = Release|Any CPU
		{1B591F9F-A265-4B15-A9D6-C82EFFCEA87F}.Debug|Any CPU.ActiveCfg = Debug|Any CPU
		{1B591F9F-A265-4B15-A9D6-C82EFFCEA87F}.Debug|Any CPU.Build.0 = Debug|Any CPU
		{1B591F9F-A265-4B15-A9D6-C82EFFCEA87F}.Release|Any CPU.ActiveCfg = Release|Any CPU
		{1B591F9F-A265-4B15-A9D6-C82EFFCEA87F}.Release|Any CPU.Build.0 = Release|Any CPU
		{436BEB15-62D6-442C-AC4C-231467093A1D}.Debug|Any CPU.ActiveCfg = Debug|Any CPU
		{436BEB15-62D6-442C-AC4C-231467093A1D}.Debug|Any CPU.Build.0 = Debug|Any CPU
		{436BEB15-62D6-442C-AC4C-231467093A1D}.Release|Any CPU.ActiveCfg = Release|Any CPU
		{436BEB15-62D6-442C-AC4C-231467093A1D}.Release|Any CPU.Build.0 = Release|Any CPU
		{D4D10D2F-D363-4FB4-8975-93AE51CFAF00}.Debug|Any CPU.ActiveCfg = Debug|Any CPU
		{D4D10D2F-D363-4FB4-8975-93AE51CFAF00}.Debug|Any CPU.Build.0 = Debug|Any CPU
		{D4D10D2F-D363-4FB4-8975-93AE51CFAF00}.Release|Any CPU.ActiveCfg = Release|Any CPU
		{D4D10D2F-D363-4FB4-8975-93AE51CFAF00}.Release|Any CPU.Build.0 = Release|Any CPU
		{FE0600AE-4E72-4ACF-A16B-C1C9F1EC8C59}.Debug|Any CPU.ActiveCfg = Debug|Any CPU
		{FE0600AE-4E72-4ACF-A16B-C1C9F1EC8C59}.Debug|Any CPU.Build.0 = Debug|Any CPU
		{FE0600AE-4E72-4ACF-A16B-C1C9F1EC8C59}.Release|Any CPU.ActiveCfg = Release|Any CPU
		{FE0600AE-4E72-4ACF-A16B-C1C9F1EC8C59}.Release|Any CPU.Build.0 = Release|Any CPU
		{73885870-466F-47C1-912B-5980E1BB9E33}.Debug|Any CPU.ActiveCfg = Debug|Any CPU
		{73885870-466F-47C1-912B-5980E1BB9E33}.Debug|Any CPU.Build.0 = Debug|Any CPU
		{73885870-466F-47C1-912B-5980E1BB9E33}.Release|Any CPU.ActiveCfg = Release|Any CPU
		{73885870-466F-47C1-912B-5980E1BB9E33}.Release|Any CPU.Build.0 = Release|Any CPU
		{92D9FABC-B3B5-43A1-B174-C586759DD8E0}.Debug|Any CPU.ActiveCfg = Debug|Any CPU
		{92D9FABC-B3B5-43A1-B174-C586759DD8E0}.Debug|Any CPU.Build.0 = Debug|Any CPU
		{92D9FABC-B3B5-43A1-B174-C586759DD8E0}.Release|Any CPU.ActiveCfg = Release|Any CPU
		{92D9FABC-B3B5-43A1-B174-C586759DD8E0}.Release|Any CPU.Build.0 = Release|Any CPU
		{AD466F95-B0A0-484E-B48B-CBA3DECE56FA}.Debug|Any CPU.ActiveCfg = Debug|Any CPU
		{AD466F95-B0A0-484E-B48B-CBA3DECE56FA}.Debug|Any CPU.Build.0 = Debug|Any CPU
		{AD466F95-B0A0-484E-B48B-CBA3DECE56FA}.Release|Any CPU.ActiveCfg = Release|Any CPU
		{AD466F95-B0A0-484E-B48B-CBA3DECE56FA}.Release|Any CPU.Build.0 = Release|Any CPU
		{C93F4E5B-18CD-48A1-8078-306D7F4A695B}.Debug|Any CPU.ActiveCfg = Debug|Any CPU
		{C93F4E5B-18CD-48A1-8078-306D7F4A695B}.Debug|Any CPU.Build.0 = Debug|Any CPU
		{C93F4E5B-18CD-48A1-8078-306D7F4A695B}.Release|Any CPU.ActiveCfg = Release|Any CPU
		{C93F4E5B-18CD-48A1-8078-306D7F4A695B}.Release|Any CPU.Build.0 = Release|Any CPU
		{B4F84A43-77B7-4DC5-A1A1-9E52180EF23C}.Debug|Any CPU.ActiveCfg = Debug|Any CPU
		{B4F84A43-77B7-4DC5-A1A1-9E52180EF23C}.Debug|Any CPU.Build.0 = Debug|Any CPU
		{B4F84A43-77B7-4DC5-A1A1-9E52180EF23C}.Release|Any CPU.ActiveCfg = Release|Any CPU
		{B4F84A43-77B7-4DC5-A1A1-9E52180EF23C}.Release|Any CPU.Build.0 = Release|Any CPU
		{C85F9680-01BE-448F-8D2C-9D911143149F}.Debug|Any CPU.ActiveCfg = Debug|Any CPU
		{C85F9680-01BE-448F-8D2C-9D911143149F}.Debug|Any CPU.Build.0 = Debug|Any CPU
		{C85F9680-01BE-448F-8D2C-9D911143149F}.Release|Any CPU.ActiveCfg = Release|Any CPU
		{C85F9680-01BE-448F-8D2C-9D911143149F}.Release|Any CPU.Build.0 = Release|Any CPU
		{BED62711-F92E-443E-8B1F-635A52FB90EE}.Debug|Any CPU.ActiveCfg = Debug|Any CPU
		{BED62711-F92E-443E-8B1F-635A52FB90EE}.Debug|Any CPU.Build.0 = Debug|Any CPU
		{BED62711-F92E-443E-8B1F-635A52FB90EE}.Release|Any CPU.ActiveCfg = Release|Any CPU
		{BED62711-F92E-443E-8B1F-635A52FB90EE}.Release|Any CPU.Build.0 = Release|Any CPU
		{92F3564A-75CA-45F1-94B1-C6A7ECF8F579}.Debug|Any CPU.ActiveCfg = Debug|Any CPU
		{92F3564A-75CA-45F1-94B1-C6A7ECF8F579}.Debug|Any CPU.Build.0 = Debug|Any CPU
		{92F3564A-75CA-45F1-94B1-C6A7ECF8F579}.Release|Any CPU.ActiveCfg = Release|Any CPU
		{92F3564A-75CA-45F1-94B1-C6A7ECF8F579}.Release|Any CPU.Build.0 = Release|Any CPU
		{FBD71B38-DE46-44BA-8BFD-DF549E487CB2}.Debug|Any CPU.ActiveCfg = Debug|Any CPU
		{FBD71B38-DE46-44BA-8BFD-DF549E487CB2}.Debug|Any CPU.Build.0 = Debug|Any CPU
		{FBD71B38-DE46-44BA-8BFD-DF549E487CB2}.Release|Any CPU.ActiveCfg = Release|Any CPU
		{FBD71B38-DE46-44BA-8BFD-DF549E487CB2}.Release|Any CPU.Build.0 = Release|Any CPU
		{63F8D038-40D5-433C-8884-4CC43BDA9922}.Debug|Any CPU.ActiveCfg = Debug|Any CPU
		{63F8D038-40D5-433C-8884-4CC43BDA9922}.Debug|Any CPU.Build.0 = Debug|Any CPU
		{63F8D038-40D5-433C-8884-4CC43BDA9922}.Release|Any CPU.ActiveCfg = Release|Any CPU
		{63F8D038-40D5-433C-8884-4CC43BDA9922}.Release|Any CPU.Build.0 = Release|Any CPU
		{C259FE10-086C-494C-80F4-A722D1B81909}.Debug|Any CPU.ActiveCfg = Debug|Any CPU
		{C259FE10-086C-494C-80F4-A722D1B81909}.Debug|Any CPU.Build.0 = Debug|Any CPU
		{C259FE10-086C-494C-80F4-A722D1B81909}.Release|Any CPU.ActiveCfg = Release|Any CPU
		{C259FE10-086C-494C-80F4-A722D1B81909}.Release|Any CPU.Build.0 = Release|Any CPU
		{4DF96D3A-D960-49D9-839C-864DF6A15471}.Debug|Any CPU.ActiveCfg = Debug|Any CPU
		{4DF96D3A-D960-49D9-839C-864DF6A15471}.Debug|Any CPU.Build.0 = Debug|Any CPU
		{4DF96D3A-D960-49D9-839C-864DF6A15471}.Release|Any CPU.ActiveCfg = Release|Any CPU
		{4DF96D3A-D960-49D9-839C-864DF6A15471}.Release|Any CPU.Build.0 = Release|Any CPU
		{31DF1DAB-8076-4F4F-8199-14AF84E365B3}.Debug|Any CPU.ActiveCfg = Debug|Any CPU
		{31DF1DAB-8076-4F4F-8199-14AF84E365B3}.Debug|Any CPU.Build.0 = Debug|Any CPU
		{31DF1DAB-8076-4F4F-8199-14AF84E365B3}.Release|Any CPU.ActiveCfg = Release|Any CPU
		{31DF1DAB-8076-4F4F-8199-14AF84E365B3}.Release|Any CPU.Build.0 = Release|Any CPU
		{AE0C819F-E43A-43C4-9EB2-DEEAF2F7FD4E}.Debug|Any CPU.ActiveCfg = Debug|Any CPU
		{AE0C819F-E43A-43C4-9EB2-DEEAF2F7FD4E}.Debug|Any CPU.Build.0 = Debug|Any CPU
		{AE0C819F-E43A-43C4-9EB2-DEEAF2F7FD4E}.Release|Any CPU.ActiveCfg = Release|Any CPU
		{AE0C819F-E43A-43C4-9EB2-DEEAF2F7FD4E}.Release|Any CPU.Build.0 = Release|Any CPU
		{D7C80F3F-4458-47FC-8E46-B1F208AF4900}.Debug|Any CPU.ActiveCfg = Debug|Any CPU
		{D7C80F3F-4458-47FC-8E46-B1F208AF4900}.Debug|Any CPU.Build.0 = Debug|Any CPU
		{D7C80F3F-4458-47FC-8E46-B1F208AF4900}.Release|Any CPU.ActiveCfg = Release|Any CPU
		{D7C80F3F-4458-47FC-8E46-B1F208AF4900}.Release|Any CPU.Build.0 = Release|Any CPU
		{D5EAB4EF-C328-4184-901D-CFBC97BEDF00}.Debug|Any CPU.ActiveCfg = Debug|Any CPU
		{D5EAB4EF-C328-4184-901D-CFBC97BEDF00}.Debug|Any CPU.Build.0 = Debug|Any CPU
		{D5EAB4EF-C328-4184-901D-CFBC97BEDF00}.Release|Any CPU.ActiveCfg = Release|Any CPU
		{D5EAB4EF-C328-4184-901D-CFBC97BEDF00}.Release|Any CPU.Build.0 = Release|Any CPU
		{31C264D8-AA91-4EB9-B0B5-5BE7D919F9B1}.Debug|Any CPU.ActiveCfg = Debug|Any CPU
		{31C264D8-AA91-4EB9-B0B5-5BE7D919F9B1}.Debug|Any CPU.Build.0 = Debug|Any CPU
		{31C264D8-AA91-4EB9-B0B5-5BE7D919F9B1}.Release|Any CPU.ActiveCfg = Release|Any CPU
		{31C264D8-AA91-4EB9-B0B5-5BE7D919F9B1}.Release|Any CPU.Build.0 = Release|Any CPU
		{AF42F741-FB6B-4970-8E62-7B9131444DD4}.Debug|Any CPU.ActiveCfg = Debug|Any CPU
		{AF42F741-FB6B-4970-8E62-7B9131444DD4}.Debug|Any CPU.Build.0 = Debug|Any CPU
		{AF42F741-FB6B-4970-8E62-7B9131444DD4}.Release|Any CPU.ActiveCfg = Release|Any CPU
		{AF42F741-FB6B-4970-8E62-7B9131444DD4}.Release|Any CPU.Build.0 = Release|Any CPU
		{EB4ACDAC-90C2-4642-B6FF-B2DCD679336B}.Debug|Any CPU.ActiveCfg = Debug|Any CPU
		{EB4ACDAC-90C2-4642-B6FF-B2DCD679336B}.Debug|Any CPU.Build.0 = Debug|Any CPU
		{EB4ACDAC-90C2-4642-B6FF-B2DCD679336B}.Release|Any CPU.ActiveCfg = Release|Any CPU
		{EB4ACDAC-90C2-4642-B6FF-B2DCD679336B}.Release|Any CPU.Build.0 = Release|Any CPU
		{16927541-C3FE-4D8F-A5D8-703C4F6FBBEE}.Debug|Any CPU.ActiveCfg = Debug|Any CPU
		{16927541-C3FE-4D8F-A5D8-703C4F6FBBEE}.Debug|Any CPU.Build.0 = Debug|Any CPU
		{16927541-C3FE-4D8F-A5D8-703C4F6FBBEE}.Release|Any CPU.ActiveCfg = Release|Any CPU
		{16927541-C3FE-4D8F-A5D8-703C4F6FBBEE}.Release|Any CPU.Build.0 = Release|Any CPU
		{59422646-1CDB-40D6-B277-93D469CCB125}.Debug|Any CPU.ActiveCfg = Debug|Any CPU
		{59422646-1CDB-40D6-B277-93D469CCB125}.Debug|Any CPU.Build.0 = Debug|Any CPU
		{59422646-1CDB-40D6-B277-93D469CCB125}.Release|Any CPU.ActiveCfg = Release|Any CPU
		{59422646-1CDB-40D6-B277-93D469CCB125}.Release|Any CPU.Build.0 = Release|Any CPU
		{B016B44D-DEC2-4F0D-851B-E30F28BA602E}.Debug|Any CPU.ActiveCfg = Debug|Any CPU
		{B016B44D-DEC2-4F0D-851B-E30F28BA602E}.Debug|Any CPU.Build.0 = Debug|Any CPU
		{B016B44D-DEC2-4F0D-851B-E30F28BA602E}.Release|Any CPU.ActiveCfg = Release|Any CPU
		{B016B44D-DEC2-4F0D-851B-E30F28BA602E}.Release|Any CPU.Build.0 = Release|Any CPU
		{0CB3351C-A706-4518-9901-6741C5646822}.Debug|Any CPU.ActiveCfg = Debug|Any CPU
		{0CB3351C-A706-4518-9901-6741C5646822}.Debug|Any CPU.Build.0 = Debug|Any CPU
		{0CB3351C-A706-4518-9901-6741C5646822}.Release|Any CPU.ActiveCfg = Release|Any CPU
		{0CB3351C-A706-4518-9901-6741C5646822}.Release|Any CPU.Build.0 = Release|Any CPU
		{5B930501-FDBF-4C01-B9E5-03B65B1366CE}.Debug|Any CPU.ActiveCfg = Debug|Any CPU
		{5B930501-FDBF-4C01-B9E5-03B65B1366CE}.Debug|Any CPU.Build.0 = Debug|Any CPU
		{5B930501-FDBF-4C01-B9E5-03B65B1366CE}.Release|Any CPU.ActiveCfg = Release|Any CPU
		{5B930501-FDBF-4C01-B9E5-03B65B1366CE}.Release|Any CPU.Build.0 = Release|Any CPU
		{79F83F75-25DF-4118-B686-17CEA2DA290B}.Debug|Any CPU.ActiveCfg = Debug|Any CPU
		{79F83F75-25DF-4118-B686-17CEA2DA290B}.Debug|Any CPU.Build.0 = Debug|Any CPU
		{79F83F75-25DF-4118-B686-17CEA2DA290B}.Release|Any CPU.ActiveCfg = Release|Any CPU
		{79F83F75-25DF-4118-B686-17CEA2DA290B}.Release|Any CPU.Build.0 = Release|Any CPU
		{FE05DF57-142C-4DD8-ACE8-41AF185E99E7}.Debug|Any CPU.ActiveCfg = Debug|Any CPU
		{FE05DF57-142C-4DD8-ACE8-41AF185E99E7}.Debug|Any CPU.Build.0 = Debug|Any CPU
		{FE05DF57-142C-4DD8-ACE8-41AF185E99E7}.Release|Any CPU.ActiveCfg = Release|Any CPU
		{FE05DF57-142C-4DD8-ACE8-41AF185E99E7}.Release|Any CPU.Build.0 = Release|Any CPU
		{8B13D667-E34A-4658-8C5C-6933BE2559AB}.Debug|Any CPU.ActiveCfg = Debug|Any CPU
		{8B13D667-E34A-4658-8C5C-6933BE2559AB}.Debug|Any CPU.Build.0 = Debug|Any CPU
		{8B13D667-E34A-4658-8C5C-6933BE2559AB}.Release|Any CPU.ActiveCfg = Release|Any CPU
		{8B13D667-E34A-4658-8C5C-6933BE2559AB}.Release|Any CPU.Build.0 = Release|Any CPU
		{0AFA7E46-262E-4222-B27C-AC0986653BFB}.Debug|Any CPU.ActiveCfg = Debug|Any CPU
		{0AFA7E46-262E-4222-B27C-AC0986653BFB}.Debug|Any CPU.Build.0 = Debug|Any CPU
		{0AFA7E46-262E-4222-B27C-AC0986653BFB}.Release|Any CPU.ActiveCfg = Release|Any CPU
		{0AFA7E46-262E-4222-B27C-AC0986653BFB}.Release|Any CPU.Build.0 = Release|Any CPU
		{E9B57F0A-DD6C-4CA2-998A-93C87D542BF8}.Debug|Any CPU.ActiveCfg = Debug|Any CPU
		{E9B57F0A-DD6C-4CA2-998A-93C87D542BF8}.Debug|Any CPU.Build.0 = Debug|Any CPU
		{E9B57F0A-DD6C-4CA2-998A-93C87D542BF8}.Release|Any CPU.ActiveCfg = Release|Any CPU
		{E9B57F0A-DD6C-4CA2-998A-93C87D542BF8}.Release|Any CPU.Build.0 = Release|Any CPU
		{21794250-0FC9-4063-8307-8A02C11D4021}.Debug|Any CPU.ActiveCfg = Debug|Any CPU
		{21794250-0FC9-4063-8307-8A02C11D4021}.Debug|Any CPU.Build.0 = Debug|Any CPU
		{21794250-0FC9-4063-8307-8A02C11D4021}.Release|Any CPU.ActiveCfg = Release|Any CPU
		{21794250-0FC9-4063-8307-8A02C11D4021}.Release|Any CPU.Build.0 = Release|Any CPU
		{C5024629-904E-49C5-92F5-537935812C56}.Debug|Any CPU.ActiveCfg = Debug|Any CPU
		{C5024629-904E-49C5-92F5-537935812C56}.Debug|Any CPU.Build.0 = Debug|Any CPU
		{C5024629-904E-49C5-92F5-537935812C56}.Release|Any CPU.ActiveCfg = Release|Any CPU
		{C5024629-904E-49C5-92F5-537935812C56}.Release|Any CPU.Build.0 = Release|Any CPU
		{9BCA8972-C20F-4BE0-80D3-171AE8888C36}.Debug|Any CPU.ActiveCfg = Debug|Any CPU
		{9BCA8972-C20F-4BE0-80D3-171AE8888C36}.Debug|Any CPU.Build.0 = Debug|Any CPU
		{9BCA8972-C20F-4BE0-80D3-171AE8888C36}.Release|Any CPU.ActiveCfg = Release|Any CPU
		{9BCA8972-C20F-4BE0-80D3-171AE8888C36}.Release|Any CPU.Build.0 = Release|Any CPU
		{034C90EF-0B13-434C-98B8-D95884BE7D33}.Debug|Any CPU.ActiveCfg = Debug|Any CPU
		{034C90EF-0B13-434C-98B8-D95884BE7D33}.Debug|Any CPU.Build.0 = Debug|Any CPU
		{034C90EF-0B13-434C-98B8-D95884BE7D33}.Release|Any CPU.ActiveCfg = Release|Any CPU
		{034C90EF-0B13-434C-98B8-D95884BE7D33}.Release|Any CPU.Build.0 = Release|Any CPU
	EndGlobalSection
	GlobalSection(SolutionProperties) = preSolution
		HideSolutionNode = FALSE
	EndGlobalSection
	GlobalSection(ExtensibilityGlobals) = postSolution
		SolutionGuid = {C1110A41-7FF7-4FF3-923C-9B4D9A21EC8A}
	EndGlobalSection
EndGlobal
